
Microsoft Visual Studio Solution File, Format Version 12.00
# Visual Studio Version 16
VisualStudioVersion = 16.0.30114.105
MinimumVisualStudioVersion = 10.0.40219.1
Project("{9A19103F-16F7-4668-BE54-9A1E7A4F7556}") = "InventoryAPI", "InventoryAPI\InventoryAPI.csproj", "{742C31CC-727F-4769-BABC-75F399E527A7}"
EndProject
Project("{FAE04EC0-301F-11D3-BF4B-00C04F79EFBC}") = "InventoryTests", "InventoryTests\InventoryTests.csproj", "{3514EAFC-E6A3-453B-8F46-D23C2938895C}"
EndProject
Global
	GlobalSection(SolutionConfigurationPlatforms) = preSolution
		Debug|Any CPU = Debug|Any CPU
		Release|Any CPU = Release|Any CPU
	EndGlobalSection
	GlobalSection(ProjectConfigurationPlatforms) = postSolution
		{742C31CC-727F-4769-BABC-75F399E527A7}.Debug|Any CPU.ActiveCfg = Debug|Any CPU
		{742C31CC-727F-4769-BABC-75F399E527A7}.Debug|Any CPU.Build.0 = Debug|Any CPU
		{742C31CC-727F-4769-BABC-75F399E527A7}.Release|Any CPU.ActiveCfg = Release|Any CPU
		{742C31CC-727F-4769-BABC-75F399E527A7}.Release|Any CPU.Build.0 = Release|Any CPU
		{3514EAFC-E6A3-453B-8F46-D23C2938895C}.Debug|Any CPU.ActiveCfg = Debug|Any CPU
		{3514EAFC-E6A3-453B-8F46-D23C2938895C}.Debug|Any CPU.Build.0 = Debug|Any CPU
		{3514EAFC-E6A3-453B-8F46-D23C2938895C}.Release|Any CPU.ActiveCfg = Release|Any CPU
		{3514EAFC-E6A3-453B-8F46-D23C2938895C}.Release|Any CPU.Build.0 = Release|Any CPU
	EndGlobalSection
	GlobalSection(SolutionProperties) = preSolution
		HideSolutionNode = FALSE
	EndGlobalSection
	GlobalSection(ExtensibilityGlobals) = postSolution
		SolutionGuid = {6B796431-73A7-4F57-946F-1D530B72BB8B}
	EndGlobalSection
EndGlobal
